
Microsoft Visual Studio Solution File, Format Version 12.00
# Visual Studio Version 16
VisualStudioVersion = 16.0.31410.357
MinimumVisualStudioVersion = 10.0.40219.1
Project("{FAE04EC0-301F-11D3-BF4B-00C04F79EFBC}") = "io", "io.csproj", "{934490CF-4CF5-42C9-8A3F-4A58501B7B6A}"
EndProject
Global
	GlobalSection(SolutionConfigurationPlatforms) = preSolution
		Debug|Any CPU = Debug|Any CPU
		Release|Any CPU = Release|Any CPU
	EndGlobalSection
	GlobalSection(ProjectConfigurationPlatforms) = postSolution
		{934490CF-4CF5-42C9-8A3F-4A58501B7B6A}.Debug|Any CPU.ActiveCfg = Debug|Any CPU
		{934490CF-4CF5-42C9-8A3F-4A58501B7B6A}.Debug|Any CPU.Build.0 = Debug|Any CPU
		{934490CF-4CF5-42C9-8A3F-4A58501B7B6A}.Release|Any CPU.ActiveCfg = Release|Any CPU
		{934490CF-4CF5-42C9-8A3F-4A58501B7B6A}.Release|Any CPU.Build.0 = Release|Any CPU
	EndGlobalSection
	GlobalSection(SolutionProperties) = preSolution
		HideSolutionNode = FALSE
	EndGlobalSection
	GlobalSection(ExtensibilityGlobals) = postSolution
		SolutionGuid = {632F6684-C38B-4F47-9A98-6823AB717534}
	EndGlobalSection
EndGlobal
